
Microsoft Visual Studio Solution File, Format Version 12.00
# Visual Studio 2012
VisualStudioVersion = 12.0.31101.0
MinimumVisualStudioVersion = 10.0.40219.1
Project("{FAE04EC0-301F-11D3-BF4B-00C04F79EFBC}") = "SevenDays.UI", "SevenDays.UI\SevenDays.UI\SevenDays.UI.csproj", "{392D95A4-62A4-4E5A-BCE0-84B99D137CD7}"
EndProject
Project("{FAE04EC0-301F-11D3-BF4B-00C04F79EFBC}") = "SevenDays.UI.iOS", "SevenDays.UI\SevenDays.UI.iOS\SevenDays.UI.iOS.csproj", "{7E64EC56-2C63-4F8F-A38C-DED91E6940C8}"
EndProject
Project("{FAE04EC0-301F-11D3-BF4B-00C04F79EFBC}") = "SevenDays.UI.Droid", "SevenDays.UI\SevenDays.UI.Droid\SevenDays.UI.Droid.csproj", "{9DF3A313-49A1-4F6C-A37F-8A84C0698F85}"
EndProject
Project("{FAE04EC0-301F-11D3-BF4B-00C04F79EFBC}") = "SevenDays.UI.WinPhone", "SevenDays.UI\SevenDays.UI.WinPhone\SevenDays.UI.WinPhone.csproj", "{84B98FA8-CCCF-44F1-A6E8-F0F14CB1CDC6}"
EndProject
Project("{FAE04EC0-301F-11D3-BF4B-00C04F79EFBC}") = "SevenDays.Core", "SevenDays.Core\SevenDays.Core.csproj", "{99E55FDE-3E6F-487A-844E-F2BDF8E748EA}"
EndProject
Project("{D954291E-2A0B-460D-934E-DC6B0785DB48}") = "SevenDays.Shared", "SevenDays.Shared\SevenDays.Shared.shproj", "{05908055-DA73-4272-A642-61945E30E72A}"
EndProject
Project("{FAE04EC0-301F-11D3-BF4B-00C04F79EFBC}") = "SevenDays.Model", "SevenDays.Model\SevenDays.Model.csproj", "{D4CCD8E9-917B-4512-B5D9-FD27330D19B0}"
EndProject
Project("{2150E333-8FDC-42A3-9474-1A3956D46DE8}") = "Tests", "Tests", "{481E7FC0-23C9-487A-9DC7-E04C092D8B0E}"
EndProject
Project("{D954291E-2A0B-460D-934E-DC6B0785DB48}") = "SevenDays.Tests.Shared", "SevenDays.Tests\SevenDays.Tests.Shared\SevenDays.Tests.Shared.shproj", "{AFA9548E-5933-47EC-A0DD-E479A4B4A40B}"
EndProject
Project("{FAE04EC0-301F-11D3-BF4B-00C04F79EFBC}") = "SevenDays.Tests.iOS", "SevenDays.Tests\SevenDays.Tests.iOS\SevenDays.Tests.iOS.csproj", "{7E82C27D-4630-481A-A8E9-9C3EE7F83151}"
EndProject
Project("{FAE04EC0-301F-11D3-BF4B-00C04F79EFBC}") = "SevenDays.Tests.Droid", "SevenDays.Tests\SevenDays.Tests.Droid\SevenDays.Tests.Droid.csproj", "{70A54BAC-348A-4264-B3F8-EFB37E83718E}"
EndProject
Project("{FAE04EC0-301F-11D3-BF4B-00C04F79EFBC}") = "SevenDays.Tests.WinPhone", "SevenDays.Tests\SevenDays.Tests.WinPhone\SevenDays.Tests.WinPhone.csproj", "{43914441-FD23-4C99-BE3E-0C875DFCE0FF}"
EndProject
Project("{FAE04EC0-301F-11D3-BF4B-00C04F79EFBC}") = "SevenDays.Artwork", "SevenDays.Artwork\SevenDays.Artwork.csproj", "{AB3C43B8-F2A3-43EA-BF70-C7E7F6993CAC}"
EndProject
Global
	GlobalSection(SolutionConfigurationPlatforms) = preSolution
		Ad-Hoc|Any CPU = Ad-Hoc|Any CPU
		Ad-Hoc|ARM = Ad-Hoc|ARM
		Ad-Hoc|iPhone = Ad-Hoc|iPhone
		Ad-Hoc|iPhoneSimulator = Ad-Hoc|iPhoneSimulator
		Ad-Hoc|Mixed Platforms = Ad-Hoc|Mixed Platforms
		Ad-Hoc|x86 = Ad-Hoc|x86
		AppStore|Any CPU = AppStore|Any CPU
		AppStore|ARM = AppStore|ARM
		AppStore|iPhone = AppStore|iPhone
		AppStore|iPhoneSimulator = AppStore|iPhoneSimulator
		AppStore|Mixed Platforms = AppStore|Mixed Platforms
		AppStore|x86 = AppStore|x86
		Debug|Any CPU = Debug|Any CPU
		Debug|ARM = Debug|ARM
		Debug|iPhone = Debug|iPhone
		Debug|iPhoneSimulator = Debug|iPhoneSimulator
		Debug|Mixed Platforms = Debug|Mixed Platforms
		Debug|x86 = Debug|x86
		Release|Any CPU = Release|Any CPU
		Release|ARM = Release|ARM
		Release|iPhone = Release|iPhone
		Release|iPhoneSimulator = Release|iPhoneSimulator
		Release|Mixed Platforms = Release|Mixed Platforms
		Release|x86 = Release|x86
	EndGlobalSection
	GlobalSection(ProjectConfigurationPlatforms) = postSolution
		{392D95A4-62A4-4E5A-BCE0-84B99D137CD7}.Ad-Hoc|Any CPU.ActiveCfg = Release|Any CPU
		{392D95A4-62A4-4E5A-BCE0-84B99D137CD7}.Ad-Hoc|Any CPU.Build.0 = Release|Any CPU
		{392D95A4-62A4-4E5A-BCE0-84B99D137CD7}.Ad-Hoc|ARM.ActiveCfg = Release|Any CPU
		{392D95A4-62A4-4E5A-BCE0-84B99D137CD7}.Ad-Hoc|ARM.Build.0 = Release|Any CPU
		{392D95A4-62A4-4E5A-BCE0-84B99D137CD7}.Ad-Hoc|iPhone.ActiveCfg = Release|Any CPU
		{392D95A4-62A4-4E5A-BCE0-84B99D137CD7}.Ad-Hoc|iPhone.Build.0 = Release|Any CPU
		{392D95A4-62A4-4E5A-BCE0-84B99D137CD7}.Ad-Hoc|iPhoneSimulator.ActiveCfg = Release|Any CPU
		{392D95A4-62A4-4E5A-BCE0-84B99D137CD7}.Ad-Hoc|iPhoneSimulator.Build.0 = Release|Any CPU
		{392D95A4-62A4-4E5A-BCE0-84B99D137CD7}.Ad-Hoc|Mixed Platforms.ActiveCfg = Debug|Any CPU
		{392D95A4-62A4-4E5A-BCE0-84B99D137CD7}.Ad-Hoc|Mixed Platforms.Build.0 = Debug|Any CPU
		{392D95A4-62A4-4E5A-BCE0-84B99D137CD7}.Ad-Hoc|x86.ActiveCfg = Release|Any CPU
		{392D95A4-62A4-4E5A-BCE0-84B99D137CD7}.Ad-Hoc|x86.Build.0 = Release|Any CPU
		{392D95A4-62A4-4E5A-BCE0-84B99D137CD7}.AppStore|Any CPU.ActiveCfg = Release|Any CPU
		{392D95A4-62A4-4E5A-BCE0-84B99D137CD7}.AppStore|Any CPU.Build.0 = Release|Any CPU
		{392D95A4-62A4-4E5A-BCE0-84B99D137CD7}.AppStore|ARM.ActiveCfg = Release|Any CPU
		{392D95A4-62A4-4E5A-BCE0-84B99D137CD7}.AppStore|ARM.Build.0 = Release|Any CPU
		{392D95A4-62A4-4E5A-BCE0-84B99D137CD7}.AppStore|iPhone.ActiveCfg = Release|Any CPU
		{392D95A4-62A4-4E5A-BCE0-84B99D137CD7}.AppStore|iPhone.Build.0 = Release|Any CPU
		{392D95A4-62A4-4E5A-BCE0-84B99D137CD7}.AppStore|iPhoneSimulator.ActiveCfg = Release|Any CPU
		{392D95A4-62A4-4E5A-BCE0-84B99D137CD7}.AppStore|iPhoneSimulator.Build.0 = Release|Any CPU
		{392D95A4-62A4-4E5A-BCE0-84B99D137CD7}.AppStore|Mixed Platforms.ActiveCfg = Debug|Any CPU
		{392D95A4-62A4-4E5A-BCE0-84B99D137CD7}.AppStore|Mixed Platforms.Build.0 = Debug|Any CPU
		{392D95A4-62A4-4E5A-BCE0-84B99D137CD7}.AppStore|x86.ActiveCfg = Release|Any CPU
		{392D95A4-62A4-4E5A-BCE0-84B99D137CD7}.AppStore|x86.Build.0 = Release|Any CPU
		{392D95A4-62A4-4E5A-BCE0-84B99D137CD7}.Debug|Any CPU.ActiveCfg = Debug|Any CPU
		{392D95A4-62A4-4E5A-BCE0-84B99D137CD7}.Debug|Any CPU.Build.0 = Debug|Any CPU
		{392D95A4-62A4-4E5A-BCE0-84B99D137CD7}.Debug|ARM.ActiveCfg = Debug|Any CPU
		{392D95A4-62A4-4E5A-BCE0-84B99D137CD7}.Debug|ARM.Build.0 = Debug|Any CPU
		{392D95A4-62A4-4E5A-BCE0-84B99D137CD7}.Debug|iPhone.ActiveCfg = Debug|Any CPU
		{392D95A4-62A4-4E5A-BCE0-84B99D137CD7}.Debug|iPhone.Build.0 = Debug|Any CPU
		{392D95A4-62A4-4E5A-BCE0-84B99D137CD7}.Debug|iPhoneSimulator.ActiveCfg = Debug|Any CPU
		{392D95A4-62A4-4E5A-BCE0-84B99D137CD7}.Debug|iPhoneSimulator.Build.0 = Debug|Any CPU
		{392D95A4-62A4-4E5A-BCE0-84B99D137CD7}.Debug|Mixed Platforms.ActiveCfg = Debug|Any CPU
		{392D95A4-62A4-4E5A-BCE0-84B99D137CD7}.Debug|Mixed Platforms.Build.0 = Debug|Any CPU
		{392D95A4-62A4-4E5A-BCE0-84B99D137CD7}.Debug|x86.ActiveCfg = Debug|Any CPU
		{392D95A4-62A4-4E5A-BCE0-84B99D137CD7}.Debug|x86.Build.0 = Debug|Any CPU
		{392D95A4-62A4-4E5A-BCE0-84B99D137CD7}.Release|Any CPU.ActiveCfg = Release|Any CPU
		{392D95A4-62A4-4E5A-BCE0-84B99D137CD7}.Release|Any CPU.Build.0 = Release|Any CPU
		{392D95A4-62A4-4E5A-BCE0-84B99D137CD7}.Release|ARM.ActiveCfg = Release|Any CPU
		{392D95A4-62A4-4E5A-BCE0-84B99D137CD7}.Release|ARM.Build.0 = Release|Any CPU
		{392D95A4-62A4-4E5A-BCE0-84B99D137CD7}.Release|iPhone.ActiveCfg = Release|Any CPU
		{392D95A4-62A4-4E5A-BCE0-84B99D137CD7}.Release|iPhone.Build.0 = Release|Any CPU
		{392D95A4-62A4-4E5A-BCE0-84B99D137CD7}.Release|iPhoneSimulator.ActiveCfg = Release|Any CPU
		{392D95A4-62A4-4E5A-BCE0-84B99D137CD7}.Release|iPhoneSimulator.Build.0 = Release|Any CPU
		{392D95A4-62A4-4E5A-BCE0-84B99D137CD7}.Release|Mixed Platforms.ActiveCfg = Release|Any CPU
		{392D95A4-62A4-4E5A-BCE0-84B99D137CD7}.Release|Mixed Platforms.Build.0 = Release|Any CPU
		{392D95A4-62A4-4E5A-BCE0-84B99D137CD7}.Release|x86.ActiveCfg = Release|Any CPU
		{392D95A4-62A4-4E5A-BCE0-84B99D137CD7}.Release|x86.Build.0 = Release|Any CPU
		{43914441-FD23-4C99-BE3E-0C875DFCE0FF}.Ad-Hoc|Any CPU.ActiveCfg = Release|Any CPU
		{43914441-FD23-4C99-BE3E-0C875DFCE0FF}.Ad-Hoc|Any CPU.Build.0 = Release|Any CPU
		{43914441-FD23-4C99-BE3E-0C875DFCE0FF}.Ad-Hoc|Any CPU.Deploy.0 = Release|Any CPU
		{43914441-FD23-4C99-BE3E-0C875DFCE0FF}.Ad-Hoc|ARM.ActiveCfg = Release|ARM
		{43914441-FD23-4C99-BE3E-0C875DFCE0FF}.Ad-Hoc|ARM.Build.0 = Release|ARM
		{43914441-FD23-4C99-BE3E-0C875DFCE0FF}.Ad-Hoc|ARM.Deploy.0 = Release|ARM
		{43914441-FD23-4C99-BE3E-0C875DFCE0FF}.Ad-Hoc|iPhone.ActiveCfg = Release|Any CPU
		{43914441-FD23-4C99-BE3E-0C875DFCE0FF}.Ad-Hoc|iPhoneSimulator.ActiveCfg = Release|Any CPU
		{43914441-FD23-4C99-BE3E-0C875DFCE0FF}.Ad-Hoc|Mixed Platforms.ActiveCfg = Release|x86
		{43914441-FD23-4C99-BE3E-0C875DFCE0FF}.Ad-Hoc|Mixed Platforms.Build.0 = Release|x86
		{43914441-FD23-4C99-BE3E-0C875DFCE0FF}.Ad-Hoc|Mixed Platforms.Deploy.0 = Release|x86
		{43914441-FD23-4C99-BE3E-0C875DFCE0FF}.Ad-Hoc|x86.ActiveCfg = Release|x86
		{43914441-FD23-4C99-BE3E-0C875DFCE0FF}.Ad-Hoc|x86.Build.0 = Release|x86
		{43914441-FD23-4C99-BE3E-0C875DFCE0FF}.Ad-Hoc|x86.Deploy.0 = Release|x86
		{43914441-FD23-4C99-BE3E-0C875DFCE0FF}.AppStore|Any CPU.ActiveCfg = Release|Any CPU
		{43914441-FD23-4C99-BE3E-0C875DFCE0FF}.AppStore|Any CPU.Build.0 = Release|Any CPU
		{43914441-FD23-4C99-BE3E-0C875DFCE0FF}.AppStore|Any CPU.Deploy.0 = Release|Any CPU
		{43914441-FD23-4C99-BE3E-0C875DFCE0FF}.AppStore|ARM.ActiveCfg = Release|ARM
		{43914441-FD23-4C99-BE3E-0C875DFCE0FF}.AppStore|ARM.Build.0 = Release|ARM
		{43914441-FD23-4C99-BE3E-0C875DFCE0FF}.AppStore|ARM.Deploy.0 = Release|ARM
		{43914441-FD23-4C99-BE3E-0C875DFCE0FF}.AppStore|iPhone.ActiveCfg = Release|Any CPU
		{43914441-FD23-4C99-BE3E-0C875DFCE0FF}.AppStore|iPhoneSimulator.ActiveCfg = Release|Any CPU
		{43914441-FD23-4C99-BE3E-0C875DFCE0FF}.AppStore|Mixed Platforms.ActiveCfg = Release|x86
		{43914441-FD23-4C99-BE3E-0C875DFCE0FF}.AppStore|Mixed Platforms.Build.0 = Release|x86
		{43914441-FD23-4C99-BE3E-0C875DFCE0FF}.AppStore|Mixed Platforms.Deploy.0 = Release|x86
		{43914441-FD23-4C99-BE3E-0C875DFCE0FF}.AppStore|x86.ActiveCfg = Release|x86
		{43914441-FD23-4C99-BE3E-0C875DFCE0FF}.AppStore|x86.Build.0 = Release|x86
		{43914441-FD23-4C99-BE3E-0C875DFCE0FF}.AppStore|x86.Deploy.0 = Release|x86
		{43914441-FD23-4C99-BE3E-0C875DFCE0FF}.Debug|Any CPU.ActiveCfg = Debug|Any CPU
		{43914441-FD23-4C99-BE3E-0C875DFCE0FF}.Debug|Any CPU.Build.0 = Debug|Any CPU
		{43914441-FD23-4C99-BE3E-0C875DFCE0FF}.Debug|Any CPU.Deploy.0 = Debug|Any CPU
		{43914441-FD23-4C99-BE3E-0C875DFCE0FF}.Debug|ARM.ActiveCfg = Debug|ARM
		{43914441-FD23-4C99-BE3E-0C875DFCE0FF}.Debug|ARM.Build.0 = Debug|ARM
		{43914441-FD23-4C99-BE3E-0C875DFCE0FF}.Debug|ARM.Deploy.0 = Debug|ARM
		{43914441-FD23-4C99-BE3E-0C875DFCE0FF}.Debug|iPhone.ActiveCfg = Debug|Any CPU
		{43914441-FD23-4C99-BE3E-0C875DFCE0FF}.Debug|iPhoneSimulator.ActiveCfg = Debug|Any CPU
		{43914441-FD23-4C99-BE3E-0C875DFCE0FF}.Debug|Mixed Platforms.ActiveCfg = Debug|x86
		{43914441-FD23-4C99-BE3E-0C875DFCE0FF}.Debug|Mixed Platforms.Build.0 = Debug|x86
		{43914441-FD23-4C99-BE3E-0C875DFCE0FF}.Debug|Mixed Platforms.Deploy.0 = Debug|x86
		{43914441-FD23-4C99-BE3E-0C875DFCE0FF}.Debug|x86.ActiveCfg = Debug|x86
		{43914441-FD23-4C99-BE3E-0C875DFCE0FF}.Debug|x86.Build.0 = Debug|x86
		{43914441-FD23-4C99-BE3E-0C875DFCE0FF}.Debug|x86.Deploy.0 = Debug|x86
		{43914441-FD23-4C99-BE3E-0C875DFCE0FF}.Release|Any CPU.ActiveCfg = Release|Any CPU
		{43914441-FD23-4C99-BE3E-0C875DFCE0FF}.Release|Any CPU.Build.0 = Release|Any CPU
		{43914441-FD23-4C99-BE3E-0C875DFCE0FF}.Release|Any CPU.Deploy.0 = Release|Any CPU
		{43914441-FD23-4C99-BE3E-0C875DFCE0FF}.Release|ARM.ActiveCfg = Release|ARM
		{43914441-FD23-4C99-BE3E-0C875DFCE0FF}.Release|ARM.Build.0 = Release|ARM
		{43914441-FD23-4C99-BE3E-0C875DFCE0FF}.Release|ARM.Deploy.0 = Release|ARM
		{43914441-FD23-4C99-BE3E-0C875DFCE0FF}.Release|iPhone.ActiveCfg = Release|Any CPU
		{43914441-FD23-4C99-BE3E-0C875DFCE0FF}.Release|iPhoneSimulator.ActiveCfg = Release|Any CPU
		{43914441-FD23-4C99-BE3E-0C875DFCE0FF}.Release|Mixed Platforms.ActiveCfg = Release|x86
		{43914441-FD23-4C99-BE3E-0C875DFCE0FF}.Release|Mixed Platforms.Build.0 = Release|x86
		{43914441-FD23-4C99-BE3E-0C875DFCE0FF}.Release|Mixed Platforms.Deploy.0 = Release|x86
		{43914441-FD23-4C99-BE3E-0C875DFCE0FF}.Release|x86.ActiveCfg = Release|x86
		{43914441-FD23-4C99-BE3E-0C875DFCE0FF}.Release|x86.Build.0 = Release|x86
		{43914441-FD23-4C99-BE3E-0C875DFCE0FF}.Release|x86.Deploy.0 = Release|x86
		{70A54BAC-348A-4264-B3F8-EFB37E83718E}.Ad-Hoc|Any CPU.ActiveCfg = Release|Any CPU
		{70A54BAC-348A-4264-B3F8-EFB37E83718E}.Ad-Hoc|Any CPU.Build.0 = Release|Any CPU
		{70A54BAC-348A-4264-B3F8-EFB37E83718E}.Ad-Hoc|Any CPU.Deploy.0 = Release|Any CPU
		{70A54BAC-348A-4264-B3F8-EFB37E83718E}.Ad-Hoc|ARM.ActiveCfg = Release|Any CPU
		{70A54BAC-348A-4264-B3F8-EFB37E83718E}.Ad-Hoc|iPhone.ActiveCfg = Release|Any CPU
		{70A54BAC-348A-4264-B3F8-EFB37E83718E}.Ad-Hoc|iPhoneSimulator.ActiveCfg = Release|Any CPU
		{70A54BAC-348A-4264-B3F8-EFB37E83718E}.Ad-Hoc|Mixed Platforms.ActiveCfg = Release|Any CPU
		{70A54BAC-348A-4264-B3F8-EFB37E83718E}.Ad-Hoc|Mixed Platforms.Build.0 = Release|Any CPU
		{70A54BAC-348A-4264-B3F8-EFB37E83718E}.Ad-Hoc|Mixed Platforms.Deploy.0 = Release|Any CPU
		{70A54BAC-348A-4264-B3F8-EFB37E83718E}.Ad-Hoc|x86.ActiveCfg = Release|Any CPU
		{70A54BAC-348A-4264-B3F8-EFB37E83718E}.AppStore|Any CPU.ActiveCfg = Release|Any CPU
		{70A54BAC-348A-4264-B3F8-EFB37E83718E}.AppStore|Any CPU.Build.0 = Release|Any CPU
		{70A54BAC-348A-4264-B3F8-EFB37E83718E}.AppStore|Any CPU.Deploy.0 = Release|Any CPU
		{70A54BAC-348A-4264-B3F8-EFB37E83718E}.AppStore|ARM.ActiveCfg = Release|Any CPU
		{70A54BAC-348A-4264-B3F8-EFB37E83718E}.AppStore|iPhone.ActiveCfg = Release|Any CPU
		{70A54BAC-348A-4264-B3F8-EFB37E83718E}.AppStore|iPhoneSimulator.ActiveCfg = Release|Any CPU
		{70A54BAC-348A-4264-B3F8-EFB37E83718E}.AppStore|Mixed Platforms.ActiveCfg = Release|Any CPU
		{70A54BAC-348A-4264-B3F8-EFB37E83718E}.AppStore|Mixed Platforms.Build.0 = Release|Any CPU
		{70A54BAC-348A-4264-B3F8-EFB37E83718E}.AppStore|Mixed Platforms.Deploy.0 = Release|Any CPU
		{70A54BAC-348A-4264-B3F8-EFB37E83718E}.AppStore|x86.ActiveCfg = Release|Any CPU
		{70A54BAC-348A-4264-B3F8-EFB37E83718E}.Debug|Any CPU.ActiveCfg = Debug|Any CPU
		{70A54BAC-348A-4264-B3F8-EFB37E83718E}.Debug|Any CPU.Build.0 = Debug|Any CPU
		{70A54BAC-348A-4264-B3F8-EFB37E83718E}.Debug|Any CPU.Deploy.0 = Debug|Any CPU
		{70A54BAC-348A-4264-B3F8-EFB37E83718E}.Debug|ARM.ActiveCfg = Debug|Any CPU
		{70A54BAC-348A-4264-B3F8-EFB37E83718E}.Debug|iPhone.ActiveCfg = Debug|Any CPU
		{70A54BAC-348A-4264-B3F8-EFB37E83718E}.Debug|iPhoneSimulator.ActiveCfg = Debug|Any CPU
		{70A54BAC-348A-4264-B3F8-EFB37E83718E}.Debug|Mixed Platforms.ActiveCfg = Debug|Any CPU
		{70A54BAC-348A-4264-B3F8-EFB37E83718E}.Debug|Mixed Platforms.Build.0 = Debug|Any CPU
		{70A54BAC-348A-4264-B3F8-EFB37E83718E}.Debug|Mixed Platforms.Deploy.0 = Debug|Any CPU
		{70A54BAC-348A-4264-B3F8-EFB37E83718E}.Debug|x86.ActiveCfg = Debug|Any CPU
		{70A54BAC-348A-4264-B3F8-EFB37E83718E}.Release|Any CPU.ActiveCfg = Release|Any CPU
		{70A54BAC-348A-4264-B3F8-EFB37E83718E}.Release|Any CPU.Build.0 = Release|Any CPU
		{70A54BAC-348A-4264-B3F8-EFB37E83718E}.Release|Any CPU.Deploy.0 = Release|Any CPU
		{70A54BAC-348A-4264-B3F8-EFB37E83718E}.Release|ARM.ActiveCfg = Release|Any CPU
		{70A54BAC-348A-4264-B3F8-EFB37E83718E}.Release|iPhone.ActiveCfg = Release|Any CPU
		{70A54BAC-348A-4264-B3F8-EFB37E83718E}.Release|iPhoneSimulator.ActiveCfg = Release|Any CPU
		{70A54BAC-348A-4264-B3F8-EFB37E83718E}.Release|Mixed Platforms.ActiveCfg = Release|Any CPU
		{70A54BAC-348A-4264-B3F8-EFB37E83718E}.Release|Mixed Platforms.Build.0 = Release|Any CPU
		{70A54BAC-348A-4264-B3F8-EFB37E83718E}.Release|Mixed Platforms.Deploy.0 = Release|Any CPU
		{70A54BAC-348A-4264-B3F8-EFB37E83718E}.Release|x86.ActiveCfg = Release|Any CPU
		{7E64EC56-2C63-4F8F-A38C-DED91E6940C8}.Ad-Hoc|Any CPU.ActiveCfg = Ad-Hoc|iPhone
		{7E64EC56-2C63-4F8F-A38C-DED91E6940C8}.Ad-Hoc|ARM.ActiveCfg = Ad-Hoc|iPhone
		{7E64EC56-2C63-4F8F-A38C-DED91E6940C8}.Ad-Hoc|iPhone.ActiveCfg = Ad-Hoc|iPhone
		{7E64EC56-2C63-4F8F-A38C-DED91E6940C8}.Ad-Hoc|iPhone.Build.0 = Ad-Hoc|iPhone
		{7E64EC56-2C63-4F8F-A38C-DED91E6940C8}.Ad-Hoc|iPhoneSimulator.ActiveCfg = Ad-Hoc|iPhoneSimulator
		{7E64EC56-2C63-4F8F-A38C-DED91E6940C8}.Ad-Hoc|iPhoneSimulator.Build.0 = Ad-Hoc|iPhoneSimulator
		{7E64EC56-2C63-4F8F-A38C-DED91E6940C8}.Ad-Hoc|Mixed Platforms.ActiveCfg = Ad-Hoc|iPhoneSimulator
		{7E64EC56-2C63-4F8F-A38C-DED91E6940C8}.Ad-Hoc|Mixed Platforms.Build.0 = Ad-Hoc|iPhoneSimulator
		{7E64EC56-2C63-4F8F-A38C-DED91E6940C8}.Ad-Hoc|x86.ActiveCfg = Ad-Hoc|iPhone
		{7E64EC56-2C63-4F8F-A38C-DED91E6940C8}.AppStore|Any CPU.ActiveCfg = AppStore|iPhone
		{7E64EC56-2C63-4F8F-A38C-DED91E6940C8}.AppStore|ARM.ActiveCfg = AppStore|iPhone
		{7E64EC56-2C63-4F8F-A38C-DED91E6940C8}.AppStore|iPhone.ActiveCfg = AppStore|iPhone
		{7E64EC56-2C63-4F8F-A38C-DED91E6940C8}.AppStore|iPhone.Build.0 = AppStore|iPhone
		{7E64EC56-2C63-4F8F-A38C-DED91E6940C8}.AppStore|iPhoneSimulator.ActiveCfg = AppStore|iPhoneSimulator
		{7E64EC56-2C63-4F8F-A38C-DED91E6940C8}.AppStore|iPhoneSimulator.Build.0 = AppStore|iPhoneSimulator
		{7E64EC56-2C63-4F8F-A38C-DED91E6940C8}.AppStore|Mixed Platforms.ActiveCfg = AppStore|iPhoneSimulator
		{7E64EC56-2C63-4F8F-A38C-DED91E6940C8}.AppStore|Mixed Platforms.Build.0 = AppStore|iPhoneSimulator
		{7E64EC56-2C63-4F8F-A38C-DED91E6940C8}.AppStore|x86.ActiveCfg = AppStore|iPhone
		{7E64EC56-2C63-4F8F-A38C-DED91E6940C8}.Debug|Any CPU.ActiveCfg = Debug|iPhone
		{7E64EC56-2C63-4F8F-A38C-DED91E6940C8}.Debug|ARM.ActiveCfg = Debug|iPhone
		{7E64EC56-2C63-4F8F-A38C-DED91E6940C8}.Debug|iPhone.ActiveCfg = Debug|iPhone
		{7E64EC56-2C63-4F8F-A38C-DED91E6940C8}.Debug|iPhone.Build.0 = Debug|iPhone
		{7E64EC56-2C63-4F8F-A38C-DED91E6940C8}.Debug|iPhoneSimulator.ActiveCfg = Debug|iPhoneSimulator
		{7E64EC56-2C63-4F8F-A38C-DED91E6940C8}.Debug|iPhoneSimulator.Build.0 = Debug|iPhoneSimulator
		{7E64EC56-2C63-4F8F-A38C-DED91E6940C8}.Debug|Mixed Platforms.ActiveCfg = Debug|iPhoneSimulator
		{7E64EC56-2C63-4F8F-A38C-DED91E6940C8}.Debug|Mixed Platforms.Build.0 = Debug|iPhoneSimulator
		{7E64EC56-2C63-4F8F-A38C-DED91E6940C8}.Debug|x86.ActiveCfg = Debug|iPhone
		{7E64EC56-2C63-4F8F-A38C-DED91E6940C8}.Release|Any CPU.ActiveCfg = Release|iPhone
		{7E64EC56-2C63-4F8F-A38C-DED91E6940C8}.Release|ARM.ActiveCfg = Release|iPhone
		{7E64EC56-2C63-4F8F-A38C-DED91E6940C8}.Release|iPhone.ActiveCfg = Release|iPhone
		{7E64EC56-2C63-4F8F-A38C-DED91E6940C8}.Release|iPhone.Build.0 = Release|iPhone
		{7E64EC56-2C63-4F8F-A38C-DED91E6940C8}.Release|iPhoneSimulator.ActiveCfg = Release|iPhoneSimulator
		{7E64EC56-2C63-4F8F-A38C-DED91E6940C8}.Release|iPhoneSimulator.Build.0 = Release|iPhoneSimulator
		{7E64EC56-2C63-4F8F-A38C-DED91E6940C8}.Release|Mixed Platforms.ActiveCfg = Release|iPhoneSimulator
		{7E64EC56-2C63-4F8F-A38C-DED91E6940C8}.Release|Mixed Platforms.Build.0 = Release|iPhoneSimulator
		{7E64EC56-2C63-4F8F-A38C-DED91E6940C8}.Release|x86.ActiveCfg = Release|iPhone
		{7E82C27D-4630-481A-A8E9-9C3EE7F83151}.Ad-Hoc|Any CPU.ActiveCfg = Ad-Hoc|iPhone
		{7E82C27D-4630-481A-A8E9-9C3EE7F83151}.Ad-Hoc|ARM.ActiveCfg = Ad-Hoc|iPhone
		{7E82C27D-4630-481A-A8E9-9C3EE7F83151}.Ad-Hoc|iPhone.ActiveCfg = Ad-Hoc|iPhone
		{7E82C27D-4630-481A-A8E9-9C3EE7F83151}.Ad-Hoc|iPhone.Build.0 = Ad-Hoc|iPhone
		{7E82C27D-4630-481A-A8E9-9C3EE7F83151}.Ad-Hoc|iPhoneSimulator.ActiveCfg = Ad-Hoc|iPhoneSimulator
		{7E82C27D-4630-481A-A8E9-9C3EE7F83151}.Ad-Hoc|iPhoneSimulator.Build.0 = Ad-Hoc|iPhoneSimulator
		{7E82C27D-4630-481A-A8E9-9C3EE7F83151}.Ad-Hoc|Mixed Platforms.ActiveCfg = Ad-Hoc|iPhone
		{7E82C27D-4630-481A-A8E9-9C3EE7F83151}.Ad-Hoc|Mixed Platforms.Build.0 = Ad-Hoc|iPhone
		{7E82C27D-4630-481A-A8E9-9C3EE7F83151}.Ad-Hoc|x86.ActiveCfg = Ad-Hoc|iPhone
		{7E82C27D-4630-481A-A8E9-9C3EE7F83151}.AppStore|Any CPU.ActiveCfg = AppStore|iPhone
		{7E82C27D-4630-481A-A8E9-9C3EE7F83151}.AppStore|ARM.ActiveCfg = AppStore|iPhone
		{7E82C27D-4630-481A-A8E9-9C3EE7F83151}.AppStore|iPhone.ActiveCfg = AppStore|iPhone
		{7E82C27D-4630-481A-A8E9-9C3EE7F83151}.AppStore|iPhone.Build.0 = AppStore|iPhone
		{7E82C27D-4630-481A-A8E9-9C3EE7F83151}.AppStore|iPhoneSimulator.ActiveCfg = AppStore|iPhoneSimulator
		{7E82C27D-4630-481A-A8E9-9C3EE7F83151}.AppStore|iPhoneSimulator.Build.0 = AppStore|iPhoneSimulator
		{7E82C27D-4630-481A-A8E9-9C3EE7F83151}.AppStore|Mixed Platforms.ActiveCfg = AppStore|iPhone
		{7E82C27D-4630-481A-A8E9-9C3EE7F83151}.AppStore|Mixed Platforms.Build.0 = AppStore|iPhone
		{7E82C27D-4630-481A-A8E9-9C3EE7F83151}.AppStore|x86.ActiveCfg = AppStore|iPhone
		{7E82C27D-4630-481A-A8E9-9C3EE7F83151}.Debug|Any CPU.ActiveCfg = Debug|iPhone
		{7E82C27D-4630-481A-A8E9-9C3EE7F83151}.Debug|ARM.ActiveCfg = Debug|iPhone
		{7E82C27D-4630-481A-A8E9-9C3EE7F83151}.Debug|iPhone.ActiveCfg = Debug|iPhone
		{7E82C27D-4630-481A-A8E9-9C3EE7F83151}.Debug|iPhone.Build.0 = Debug|iPhone
		{7E82C27D-4630-481A-A8E9-9C3EE7F83151}.Debug|iPhoneSimulator.ActiveCfg = Debug|iPhoneSimulator
		{7E82C27D-4630-481A-A8E9-9C3EE7F83151}.Debug|iPhoneSimulator.Build.0 = Debug|iPhoneSimulator
		{7E82C27D-4630-481A-A8E9-9C3EE7F83151}.Debug|Mixed Platforms.ActiveCfg = Debug|iPhone
		{7E82C27D-4630-481A-A8E9-9C3EE7F83151}.Debug|Mixed Platforms.Build.0 = Debug|iPhone
		{7E82C27D-4630-481A-A8E9-9C3EE7F83151}.Debug|x86.ActiveCfg = Debug|iPhone
		{7E82C27D-4630-481A-A8E9-9C3EE7F83151}.Release|Any CPU.ActiveCfg = Release|iPhone
		{7E82C27D-4630-481A-A8E9-9C3EE7F83151}.Release|ARM.ActiveCfg = Release|iPhone
		{7E82C27D-4630-481A-A8E9-9C3EE7F83151}.Release|iPhone.ActiveCfg = Release|iPhone
		{7E82C27D-4630-481A-A8E9-9C3EE7F83151}.Release|iPhone.Build.0 = Release|iPhone
		{7E82C27D-4630-481A-A8E9-9C3EE7F83151}.Release|iPhoneSimulator.ActiveCfg = Release|iPhoneSimulator
		{7E82C27D-4630-481A-A8E9-9C3EE7F83151}.Release|iPhoneSimulator.Build.0 = Release|iPhoneSimulator
		{7E82C27D-4630-481A-A8E9-9C3EE7F83151}.Release|Mixed Platforms.ActiveCfg = Release|iPhone
		{7E82C27D-4630-481A-A8E9-9C3EE7F83151}.Release|Mixed Platforms.Build.0 = Release|iPhone
		{7E82C27D-4630-481A-A8E9-9C3EE7F83151}.Release|x86.ActiveCfg = Release|iPhone
		{84B98FA8-CCCF-44F1-A6E8-F0F14CB1CDC6}.Ad-Hoc|Any CPU.ActiveCfg = Release|Any CPU
		{84B98FA8-CCCF-44F1-A6E8-F0F14CB1CDC6}.Ad-Hoc|Any CPU.Build.0 = Release|Any CPU
		{84B98FA8-CCCF-44F1-A6E8-F0F14CB1CDC6}.Ad-Hoc|Any CPU.Deploy.0 = Release|Any CPU
		{84B98FA8-CCCF-44F1-A6E8-F0F14CB1CDC6}.Ad-Hoc|ARM.ActiveCfg = Release|ARM
		{84B98FA8-CCCF-44F1-A6E8-F0F14CB1CDC6}.Ad-Hoc|ARM.Build.0 = Release|ARM
		{84B98FA8-CCCF-44F1-A6E8-F0F14CB1CDC6}.Ad-Hoc|ARM.Deploy.0 = Release|ARM
		{84B98FA8-CCCF-44F1-A6E8-F0F14CB1CDC6}.Ad-Hoc|iPhone.ActiveCfg = Release|Any CPU
		{84B98FA8-CCCF-44F1-A6E8-F0F14CB1CDC6}.Ad-Hoc|iPhone.Build.0 = Release|Any CPU
		{84B98FA8-CCCF-44F1-A6E8-F0F14CB1CDC6}.Ad-Hoc|iPhone.Deploy.0 = Release|Any CPU
		{84B98FA8-CCCF-44F1-A6E8-F0F14CB1CDC6}.Ad-Hoc|iPhoneSimulator.ActiveCfg = Release|Any CPU
		{84B98FA8-CCCF-44F1-A6E8-F0F14CB1CDC6}.Ad-Hoc|iPhoneSimulator.Build.0 = Release|Any CPU
		{84B98FA8-CCCF-44F1-A6E8-F0F14CB1CDC6}.Ad-Hoc|iPhoneSimulator.Deploy.0 = Release|Any CPU
		{84B98FA8-CCCF-44F1-A6E8-F0F14CB1CDC6}.Ad-Hoc|Mixed Platforms.ActiveCfg = Debug|x86
		{84B98FA8-CCCF-44F1-A6E8-F0F14CB1CDC6}.Ad-Hoc|Mixed Platforms.Build.0 = Debug|x86
		{84B98FA8-CCCF-44F1-A6E8-F0F14CB1CDC6}.Ad-Hoc|Mixed Platforms.Deploy.0 = Debug|x86
		{84B98FA8-CCCF-44F1-A6E8-F0F14CB1CDC6}.Ad-Hoc|x86.ActiveCfg = Release|x86
		{84B98FA8-CCCF-44F1-A6E8-F0F14CB1CDC6}.Ad-Hoc|x86.Build.0 = Release|x86
		{84B98FA8-CCCF-44F1-A6E8-F0F14CB1CDC6}.Ad-Hoc|x86.Deploy.0 = Release|x86
		{84B98FA8-CCCF-44F1-A6E8-F0F14CB1CDC6}.AppStore|Any CPU.ActiveCfg = Release|Any CPU
		{84B98FA8-CCCF-44F1-A6E8-F0F14CB1CDC6}.AppStore|Any CPU.Build.0 = Release|Any CPU
		{84B98FA8-CCCF-44F1-A6E8-F0F14CB1CDC6}.AppStore|Any CPU.Deploy.0 = Release|Any CPU
		{84B98FA8-CCCF-44F1-A6E8-F0F14CB1CDC6}.AppStore|ARM.ActiveCfg = Release|ARM
		{84B98FA8-CCCF-44F1-A6E8-F0F14CB1CDC6}.AppStore|ARM.Build.0 = Release|ARM
		{84B98FA8-CCCF-44F1-A6E8-F0F14CB1CDC6}.AppStore|ARM.Deploy.0 = Release|ARM
		{84B98FA8-CCCF-44F1-A6E8-F0F14CB1CDC6}.AppStore|iPhone.ActiveCfg = Release|Any CPU
		{84B98FA8-CCCF-44F1-A6E8-F0F14CB1CDC6}.AppStore|iPhone.Build.0 = Release|Any CPU
		{84B98FA8-CCCF-44F1-A6E8-F0F14CB1CDC6}.AppStore|iPhone.Deploy.0 = Release|Any CPU
		{84B98FA8-CCCF-44F1-A6E8-F0F14CB1CDC6}.AppStore|iPhoneSimulator.ActiveCfg = Release|Any CPU
		{84B98FA8-CCCF-44F1-A6E8-F0F14CB1CDC6}.AppStore|iPhoneSimulator.Build.0 = Release|Any CPU
		{84B98FA8-CCCF-44F1-A6E8-F0F14CB1CDC6}.AppStore|iPhoneSimulator.Deploy.0 = Release|Any CPU
		{84B98FA8-CCCF-44F1-A6E8-F0F14CB1CDC6}.AppStore|Mixed Platforms.ActiveCfg = Debug|x86
		{84B98FA8-CCCF-44F1-A6E8-F0F14CB1CDC6}.AppStore|Mixed Platforms.Build.0 = Debug|x86
		{84B98FA8-CCCF-44F1-A6E8-F0F14CB1CDC6}.AppStore|Mixed Platforms.Deploy.0 = Debug|x86
		{84B98FA8-CCCF-44F1-A6E8-F0F14CB1CDC6}.AppStore|x86.ActiveCfg = Release|x86
		{84B98FA8-CCCF-44F1-A6E8-F0F14CB1CDC6}.AppStore|x86.Build.0 = Release|x86
		{84B98FA8-CCCF-44F1-A6E8-F0F14CB1CDC6}.AppStore|x86.Deploy.0 = Release|x86
		{84B98FA8-CCCF-44F1-A6E8-F0F14CB1CDC6}.Debug|Any CPU.ActiveCfg = Debug|Any CPU
		{84B98FA8-CCCF-44F1-A6E8-F0F14CB1CDC6}.Debug|Any CPU.Build.0 = Debug|Any CPU
		{84B98FA8-CCCF-44F1-A6E8-F0F14CB1CDC6}.Debug|Any CPU.Deploy.0 = Debug|Any CPU
		{84B98FA8-CCCF-44F1-A6E8-F0F14CB1CDC6}.Debug|ARM.ActiveCfg = Debug|ARM
		{84B98FA8-CCCF-44F1-A6E8-F0F14CB1CDC6}.Debug|ARM.Build.0 = Debug|ARM
		{84B98FA8-CCCF-44F1-A6E8-F0F14CB1CDC6}.Debug|ARM.Deploy.0 = Debug|ARM
		{84B98FA8-CCCF-44F1-A6E8-F0F14CB1CDC6}.Debug|iPhone.ActiveCfg = Debug|Any CPU
		{84B98FA8-CCCF-44F1-A6E8-F0F14CB1CDC6}.Debug|iPhone.Build.0 = Debug|Any CPU
		{84B98FA8-CCCF-44F1-A6E8-F0F14CB1CDC6}.Debug|iPhone.Deploy.0 = Debug|Any CPU
		{84B98FA8-CCCF-44F1-A6E8-F0F14CB1CDC6}.Debug|iPhoneSimulator.ActiveCfg = Debug|Any CPU
		{84B98FA8-CCCF-44F1-A6E8-F0F14CB1CDC6}.Debug|iPhoneSimulator.Build.0 = Debug|Any CPU
		{84B98FA8-CCCF-44F1-A6E8-F0F14CB1CDC6}.Debug|iPhoneSimulator.Deploy.0 = Debug|Any CPU
		{84B98FA8-CCCF-44F1-A6E8-F0F14CB1CDC6}.Debug|Mixed Platforms.ActiveCfg = Debug|x86
		{84B98FA8-CCCF-44F1-A6E8-F0F14CB1CDC6}.Debug|Mixed Platforms.Build.0 = Debug|x86
		{84B98FA8-CCCF-44F1-A6E8-F0F14CB1CDC6}.Debug|Mixed Platforms.Deploy.0 = Debug|x86
		{84B98FA8-CCCF-44F1-A6E8-F0F14CB1CDC6}.Debug|x86.ActiveCfg = Debug|x86
		{84B98FA8-CCCF-44F1-A6E8-F0F14CB1CDC6}.Debug|x86.Build.0 = Debug|x86
		{84B98FA8-CCCF-44F1-A6E8-F0F14CB1CDC6}.Debug|x86.Deploy.0 = Debug|x86
		{84B98FA8-CCCF-44F1-A6E8-F0F14CB1CDC6}.Release|Any CPU.ActiveCfg = Release|Any CPU
		{84B98FA8-CCCF-44F1-A6E8-F0F14CB1CDC6}.Release|Any CPU.Build.0 = Release|Any CPU
		{84B98FA8-CCCF-44F1-A6E8-F0F14CB1CDC6}.Release|Any CPU.Deploy.0 = Release|Any CPU
		{84B98FA8-CCCF-44F1-A6E8-F0F14CB1CDC6}.Release|ARM.ActiveCfg = Release|ARM
		{84B98FA8-CCCF-44F1-A6E8-F0F14CB1CDC6}.Release|ARM.Build.0 = Release|ARM
		{84B98FA8-CCCF-44F1-A6E8-F0F14CB1CDC6}.Release|ARM.Deploy.0 = Release|ARM
		{84B98FA8-CCCF-44F1-A6E8-F0F14CB1CDC6}.Release|iPhone.ActiveCfg = Release|Any CPU
		{84B98FA8-CCCF-44F1-A6E8-F0F14CB1CDC6}.Release|iPhone.Build.0 = Release|Any CPU
		{84B98FA8-CCCF-44F1-A6E8-F0F14CB1CDC6}.Release|iPhone.Deploy.0 = Release|Any CPU
		{84B98FA8-CCCF-44F1-A6E8-F0F14CB1CDC6}.Release|iPhoneSimulator.ActiveCfg = Release|Any CPU
		{84B98FA8-CCCF-44F1-A6E8-F0F14CB1CDC6}.Release|iPhoneSimulator.Build.0 = Release|Any CPU
		{84B98FA8-CCCF-44F1-A6E8-F0F14CB1CDC6}.Release|iPhoneSimulator.Deploy.0 = Release|Any CPU
		{84B98FA8-CCCF-44F1-A6E8-F0F14CB1CDC6}.Release|Mixed Platforms.ActiveCfg = Release|x86
		{84B98FA8-CCCF-44F1-A6E8-F0F14CB1CDC6}.Release|Mixed Platforms.Build.0 = Release|x86
		{84B98FA8-CCCF-44F1-A6E8-F0F14CB1CDC6}.Release|Mixed Platforms.Deploy.0 = Release|x86
		{84B98FA8-CCCF-44F1-A6E8-F0F14CB1CDC6}.Release|x86.ActiveCfg = Release|x86
		{84B98FA8-CCCF-44F1-A6E8-F0F14CB1CDC6}.Release|x86.Build.0 = Release|x86
		{84B98FA8-CCCF-44F1-A6E8-F0F14CB1CDC6}.Release|x86.Deploy.0 = Release|x86
		{99E55FDE-3E6F-487A-844E-F2BDF8E748EA}.Ad-Hoc|Any CPU.ActiveCfg = Release|Any CPU
		{99E55FDE-3E6F-487A-844E-F2BDF8E748EA}.Ad-Hoc|Any CPU.Build.0 = Release|Any CPU
		{99E55FDE-3E6F-487A-844E-F2BDF8E748EA}.Ad-Hoc|ARM.ActiveCfg = Release|Any CPU
		{99E55FDE-3E6F-487A-844E-F2BDF8E748EA}.Ad-Hoc|ARM.Build.0 = Release|Any CPU
		{99E55FDE-3E6F-487A-844E-F2BDF8E748EA}.Ad-Hoc|iPhone.ActiveCfg = Release|Any CPU
		{99E55FDE-3E6F-487A-844E-F2BDF8E748EA}.Ad-Hoc|iPhone.Build.0 = Release|Any CPU
		{99E55FDE-3E6F-487A-844E-F2BDF8E748EA}.Ad-Hoc|iPhoneSimulator.ActiveCfg = Release|Any CPU
		{99E55FDE-3E6F-487A-844E-F2BDF8E748EA}.Ad-Hoc|iPhoneSimulator.Build.0 = Release|Any CPU
		{99E55FDE-3E6F-487A-844E-F2BDF8E748EA}.Ad-Hoc|Mixed Platforms.ActiveCfg = Debug|Any CPU
		{99E55FDE-3E6F-487A-844E-F2BDF8E748EA}.Ad-Hoc|Mixed Platforms.Build.0 = Debug|Any CPU
		{99E55FDE-3E6F-487A-844E-F2BDF8E748EA}.Ad-Hoc|x86.ActiveCfg = Release|Any CPU
		{99E55FDE-3E6F-487A-844E-F2BDF8E748EA}.Ad-Hoc|x86.Build.0 = Release|Any CPU
		{99E55FDE-3E6F-487A-844E-F2BDF8E748EA}.AppStore|Any CPU.ActiveCfg = Release|Any CPU
		{99E55FDE-3E6F-487A-844E-F2BDF8E748EA}.AppStore|Any CPU.Build.0 = Release|Any CPU
		{99E55FDE-3E6F-487A-844E-F2BDF8E748EA}.AppStore|ARM.ActiveCfg = Release|Any CPU
		{99E55FDE-3E6F-487A-844E-F2BDF8E748EA}.AppStore|ARM.Build.0 = Release|Any CPU
		{99E55FDE-3E6F-487A-844E-F2BDF8E748EA}.AppStore|iPhone.ActiveCfg = Release|Any CPU
		{99E55FDE-3E6F-487A-844E-F2BDF8E748EA}.AppStore|iPhone.Build.0 = Release|Any CPU
		{99E55FDE-3E6F-487A-844E-F2BDF8E748EA}.AppStore|iPhoneSimulator.ActiveCfg = Release|Any CPU
		{99E55FDE-3E6F-487A-844E-F2BDF8E748EA}.AppStore|iPhoneSimulator.Build.0 = Release|Any CPU
		{99E55FDE-3E6F-487A-844E-F2BDF8E748EA}.AppStore|Mixed Platforms.ActiveCfg = Debug|Any CPU
		{99E55FDE-3E6F-487A-844E-F2BDF8E748EA}.AppStore|Mixed Platforms.Build.0 = Debug|Any CPU
		{99E55FDE-3E6F-487A-844E-F2BDF8E748EA}.AppStore|x86.ActiveCfg = Release|Any CPU
		{99E55FDE-3E6F-487A-844E-F2BDF8E748EA}.AppStore|x86.Build.0 = Release|Any CPU
		{99E55FDE-3E6F-487A-844E-F2BDF8E748EA}.Debug|Any CPU.ActiveCfg = Debug|Any CPU
		{99E55FDE-3E6F-487A-844E-F2BDF8E748EA}.Debug|Any CPU.Build.0 = Debug|Any CPU
		{99E55FDE-3E6F-487A-844E-F2BDF8E748EA}.Debug|ARM.ActiveCfg = Debug|Any CPU
		{99E55FDE-3E6F-487A-844E-F2BDF8E748EA}.Debug|ARM.Build.0 = Debug|Any CPU
		{99E55FDE-3E6F-487A-844E-F2BDF8E748EA}.Debug|iPhone.ActiveCfg = Debug|Any CPU
		{99E55FDE-3E6F-487A-844E-F2BDF8E748EA}.Debug|iPhone.Build.0 = Debug|Any CPU
		{99E55FDE-3E6F-487A-844E-F2BDF8E748EA}.Debug|iPhoneSimulator.ActiveCfg = Debug|Any CPU
		{99E55FDE-3E6F-487A-844E-F2BDF8E748EA}.Debug|iPhoneSimulator.Build.0 = Debug|Any CPU
		{99E55FDE-3E6F-487A-844E-F2BDF8E748EA}.Debug|Mixed Platforms.ActiveCfg = Debug|Any CPU
		{99E55FDE-3E6F-487A-844E-F2BDF8E748EA}.Debug|Mixed Platforms.Build.0 = Debug|Any CPU
		{99E55FDE-3E6F-487A-844E-F2BDF8E748EA}.Debug|x86.ActiveCfg = Debug|Any CPU
		{99E55FDE-3E6F-487A-844E-F2BDF8E748EA}.Debug|x86.Build.0 = Debug|Any CPU
		{99E55FDE-3E6F-487A-844E-F2BDF8E748EA}.Release|Any CPU.ActiveCfg = Release|Any CPU
		{99E55FDE-3E6F-487A-844E-F2BDF8E748EA}.Release|Any CPU.Build.0 = Release|Any CPU
		{99E55FDE-3E6F-487A-844E-F2BDF8E748EA}.Release|ARM.ActiveCfg = Release|Any CPU
		{99E55FDE-3E6F-487A-844E-F2BDF8E748EA}.Release|ARM.Build.0 = Release|Any CPU
		{99E55FDE-3E6F-487A-844E-F2BDF8E748EA}.Release|iPhone.ActiveCfg = Release|Any CPU
		{99E55FDE-3E6F-487A-844E-F2BDF8E748EA}.Release|iPhone.Build.0 = Release|Any CPU
		{99E55FDE-3E6F-487A-844E-F2BDF8E748EA}.Release|iPhoneSimulator.ActiveCfg = Release|Any CPU
		{99E55FDE-3E6F-487A-844E-F2BDF8E748EA}.Release|iPhoneSimulator.Build.0 = Release|Any CPU
		{99E55FDE-3E6F-487A-844E-F2BDF8E748EA}.Release|Mixed Platforms.ActiveCfg = Release|Any CPU
		{99E55FDE-3E6F-487A-844E-F2BDF8E748EA}.Release|Mixed Platforms.Build.0 = Release|Any CPU
		{99E55FDE-3E6F-487A-844E-F2BDF8E748EA}.Release|x86.ActiveCfg = Release|Any CPU
		{99E55FDE-3E6F-487A-844E-F2BDF8E748EA}.Release|x86.Build.0 = Release|Any CPU
		{9DF3A313-49A1-4F6C-A37F-8A84C0698F85}.Ad-Hoc|Any CPU.ActiveCfg = Release|Any CPU
		{9DF3A313-49A1-4F6C-A37F-8A84C0698F85}.Ad-Hoc|Any CPU.Build.0 = Release|Any CPU
		{9DF3A313-49A1-4F6C-A37F-8A84C0698F85}.Ad-Hoc|Any CPU.Deploy.0 = Release|Any CPU
		{9DF3A313-49A1-4F6C-A37F-8A84C0698F85}.Ad-Hoc|ARM.ActiveCfg = Release|Any CPU
		{9DF3A313-49A1-4F6C-A37F-8A84C0698F85}.Ad-Hoc|ARM.Build.0 = Release|Any CPU
		{9DF3A313-49A1-4F6C-A37F-8A84C0698F85}.Ad-Hoc|ARM.Deploy.0 = Release|Any CPU
		{9DF3A313-49A1-4F6C-A37F-8A84C0698F85}.Ad-Hoc|iPhone.ActiveCfg = Release|Any CPU
		{9DF3A313-49A1-4F6C-A37F-8A84C0698F85}.Ad-Hoc|iPhone.Build.0 = Release|Any CPU
		{9DF3A313-49A1-4F6C-A37F-8A84C0698F85}.Ad-Hoc|iPhone.Deploy.0 = Release|Any CPU
		{9DF3A313-49A1-4F6C-A37F-8A84C0698F85}.Ad-Hoc|iPhoneSimulator.ActiveCfg = Release|Any CPU
		{9DF3A313-49A1-4F6C-A37F-8A84C0698F85}.Ad-Hoc|iPhoneSimulator.Build.0 = Release|Any CPU
		{9DF3A313-49A1-4F6C-A37F-8A84C0698F85}.Ad-Hoc|iPhoneSimulator.Deploy.0 = Release|Any CPU
		{9DF3A313-49A1-4F6C-A37F-8A84C0698F85}.Ad-Hoc|Mixed Platforms.ActiveCfg = Debug|Any CPU
		{9DF3A313-49A1-4F6C-A37F-8A84C0698F85}.Ad-Hoc|Mixed Platforms.Build.0 = Debug|Any CPU
		{9DF3A313-49A1-4F6C-A37F-8A84C0698F85}.Ad-Hoc|Mixed Platforms.Deploy.0 = Debug|Any CPU
		{9DF3A313-49A1-4F6C-A37F-8A84C0698F85}.Ad-Hoc|x86.ActiveCfg = Release|Any CPU
		{9DF3A313-49A1-4F6C-A37F-8A84C0698F85}.Ad-Hoc|x86.Build.0 = Release|Any CPU
		{9DF3A313-49A1-4F6C-A37F-8A84C0698F85}.Ad-Hoc|x86.Deploy.0 = Release|Any CPU
		{9DF3A313-49A1-4F6C-A37F-8A84C0698F85}.AppStore|Any CPU.ActiveCfg = Release|Any CPU
		{9DF3A313-49A1-4F6C-A37F-8A84C0698F85}.AppStore|Any CPU.Build.0 = Release|Any CPU
		{9DF3A313-49A1-4F6C-A37F-8A84C0698F85}.AppStore|Any CPU.Deploy.0 = Release|Any CPU
		{9DF3A313-49A1-4F6C-A37F-8A84C0698F85}.AppStore|ARM.ActiveCfg = Release|Any CPU
		{9DF3A313-49A1-4F6C-A37F-8A84C0698F85}.AppStore|ARM.Build.0 = Release|Any CPU
		{9DF3A313-49A1-4F6C-A37F-8A84C0698F85}.AppStore|ARM.Deploy.0 = Release|Any CPU
		{9DF3A313-49A1-4F6C-A37F-8A84C0698F85}.AppStore|iPhone.ActiveCfg = Release|Any CPU
		{9DF3A313-49A1-4F6C-A37F-8A84C0698F85}.AppStore|iPhone.Build.0 = Release|Any CPU
		{9DF3A313-49A1-4F6C-A37F-8A84C0698F85}.AppStore|iPhone.Deploy.0 = Release|Any CPU
		{9DF3A313-49A1-4F6C-A37F-8A84C0698F85}.AppStore|iPhoneSimulator.ActiveCfg = Release|Any CPU
		{9DF3A313-49A1-4F6C-A37F-8A84C0698F85}.AppStore|iPhoneSimulator.Build.0 = Release|Any CPU
		{9DF3A313-49A1-4F6C-A37F-8A84C0698F85}.AppStore|iPhoneSimulator.Deploy.0 = Release|Any CPU
		{9DF3A313-49A1-4F6C-A37F-8A84C0698F85}.AppStore|Mixed Platforms.ActiveCfg = Debug|Any CPU
		{9DF3A313-49A1-4F6C-A37F-8A84C0698F85}.AppStore|Mixed Platforms.Build.0 = Debug|Any CPU
		{9DF3A313-49A1-4F6C-A37F-8A84C0698F85}.AppStore|Mixed Platforms.Deploy.0 = Debug|Any CPU
		{9DF3A313-49A1-4F6C-A37F-8A84C0698F85}.AppStore|x86.ActiveCfg = Release|Any CPU
		{9DF3A313-49A1-4F6C-A37F-8A84C0698F85}.AppStore|x86.Build.0 = Release|Any CPU
		{9DF3A313-49A1-4F6C-A37F-8A84C0698F85}.AppStore|x86.Deploy.0 = Release|Any CPU
		{9DF3A313-49A1-4F6C-A37F-8A84C0698F85}.Debug|Any CPU.ActiveCfg = Debug|Any CPU
		{9DF3A313-49A1-4F6C-A37F-8A84C0698F85}.Debug|Any CPU.Build.0 = Debug|Any CPU
		{9DF3A313-49A1-4F6C-A37F-8A84C0698F85}.Debug|Any CPU.Deploy.0 = Debug|Any CPU
		{9DF3A313-49A1-4F6C-A37F-8A84C0698F85}.Debug|ARM.ActiveCfg = Debug|Any CPU
		{9DF3A313-49A1-4F6C-A37F-8A84C0698F85}.Debug|ARM.Build.0 = Debug|Any CPU
		{9DF3A313-49A1-4F6C-A37F-8A84C0698F85}.Debug|ARM.Deploy.0 = Debug|Any CPU
		{9DF3A313-49A1-4F6C-A37F-8A84C0698F85}.Debug|iPhone.ActiveCfg = Debug|Any CPU
		{9DF3A313-49A1-4F6C-A37F-8A84C0698F85}.Debug|iPhone.Build.0 = Debug|Any CPU
		{9DF3A313-49A1-4F6C-A37F-8A84C0698F85}.Debug|iPhone.Deploy.0 = Debug|Any CPU
		{9DF3A313-49A1-4F6C-A37F-8A84C0698F85}.Debug|iPhoneSimulator.ActiveCfg = Debug|Any CPU
		{9DF3A313-49A1-4F6C-A37F-8A84C0698F85}.Debug|iPhoneSimulator.Build.0 = Debug|Any CPU
		{9DF3A313-49A1-4F6C-A37F-8A84C0698F85}.Debug|iPhoneSimulator.Deploy.0 = Debug|Any CPU
		{9DF3A313-49A1-4F6C-A37F-8A84C0698F85}.Debug|Mixed Platforms.ActiveCfg = Debug|Any CPU
		{9DF3A313-49A1-4F6C-A37F-8A84C0698F85}.Debug|Mixed Platforms.Build.0 = Debug|Any CPU
		{9DF3A313-49A1-4F6C-A37F-8A84C0698F85}.Debug|Mixed Platforms.Deploy.0 = Debug|Any CPU
		{9DF3A313-49A1-4F6C-A37F-8A84C0698F85}.Debug|x86.ActiveCfg = Debug|Any CPU
		{9DF3A313-49A1-4F6C-A37F-8A84C0698F85}.Debug|x86.Build.0 = Debug|Any CPU
		{9DF3A313-49A1-4F6C-A37F-8A84C0698F85}.Debug|x86.Deploy.0 = Debug|Any CPU
		{9DF3A313-49A1-4F6C-A37F-8A84C0698F85}.Release|Any CPU.ActiveCfg = Release|Any CPU
		{9DF3A313-49A1-4F6C-A37F-8A84C0698F85}.Release|Any CPU.Build.0 = Release|Any CPU
		{9DF3A313-49A1-4F6C-A37F-8A84C0698F85}.Release|Any CPU.Deploy.0 = Release|Any CPU
		{9DF3A313-49A1-4F6C-A37F-8A84C0698F85}.Release|ARM.ActiveCfg = Release|Any CPU
		{9DF3A313-49A1-4F6C-A37F-8A84C0698F85}.Release|ARM.Build.0 = Release|Any CPU
		{9DF3A313-49A1-4F6C-A37F-8A84C0698F85}.Release|ARM.Deploy.0 = Release|Any CPU
		{9DF3A313-49A1-4F6C-A37F-8A84C0698F85}.Release|iPhone.ActiveCfg = Release|Any CPU
		{9DF3A313-49A1-4F6C-A37F-8A84C0698F85}.Release|iPhone.Build.0 = Release|Any CPU
		{9DF3A313-49A1-4F6C-A37F-8A84C0698F85}.Release|iPhone.Deploy.0 = Release|Any CPU
		{9DF3A313-49A1-4F6C-A37F-8A84C0698F85}.Release|iPhoneSimulator.ActiveCfg = Release|Any CPU
		{9DF3A313-49A1-4F6C-A37F-8A84C0698F85}.Release|iPhoneSimulator.Build.0 = Release|Any CPU
		{9DF3A313-49A1-4F6C-A37F-8A84C0698F85}.Release|iPhoneSimulator.Deploy.0 = Release|Any CPU
		{9DF3A313-49A1-4F6C-A37F-8A84C0698F85}.Release|Mixed Platforms.ActiveCfg = Release|Any CPU
		{9DF3A313-49A1-4F6C-A37F-8A84C0698F85}.Release|Mixed Platforms.Build.0 = Release|Any CPU
		{9DF3A313-49A1-4F6C-A37F-8A84C0698F85}.Release|Mixed Platforms.Deploy.0 = Release|Any CPU
		{9DF3A313-49A1-4F6C-A37F-8A84C0698F85}.Release|x86.ActiveCfg = Release|Any CPU
		{9DF3A313-49A1-4F6C-A37F-8A84C0698F85}.Release|x86.Build.0 = Release|Any CPU
		{9DF3A313-49A1-4F6C-A37F-8A84C0698F85}.Release|x86.Deploy.0 = Release|Any CPU
		{AB3C43B8-F2A3-43EA-BF70-C7E7F6993CAC}.Ad-Hoc|Any CPU.ActiveCfg = Release|Any CPU
		{AB3C43B8-F2A3-43EA-BF70-C7E7F6993CAC}.Ad-Hoc|Any CPU.Build.0 = Release|Any CPU
		{AB3C43B8-F2A3-43EA-BF70-C7E7F6993CAC}.Ad-Hoc|ARM.ActiveCfg = Release|Any CPU
		{AB3C43B8-F2A3-43EA-BF70-C7E7F6993CAC}.Ad-Hoc|ARM.Build.0 = Release|Any CPU
		{AB3C43B8-F2A3-43EA-BF70-C7E7F6993CAC}.Ad-Hoc|iPhone.ActiveCfg = Release|Any CPU
		{AB3C43B8-F2A3-43EA-BF70-C7E7F6993CAC}.Ad-Hoc|iPhone.Build.0 = Release|Any CPU
		{AB3C43B8-F2A3-43EA-BF70-C7E7F6993CAC}.Ad-Hoc|iPhoneSimulator.ActiveCfg = Release|Any CPU
		{AB3C43B8-F2A3-43EA-BF70-C7E7F6993CAC}.Ad-Hoc|iPhoneSimulator.Build.0 = Release|Any CPU
		{AB3C43B8-F2A3-43EA-BF70-C7E7F6993CAC}.Ad-Hoc|Mixed Platforms.ActiveCfg = Debug|Any CPU
		{AB3C43B8-F2A3-43EA-BF70-C7E7F6993CAC}.Ad-Hoc|Mixed Platforms.Build.0 = Debug|Any CPU
		{AB3C43B8-F2A3-43EA-BF70-C7E7F6993CAC}.Ad-Hoc|x86.ActiveCfg = Release|Any CPU
		{AB3C43B8-F2A3-43EA-BF70-C7E7F6993CAC}.Ad-Hoc|x86.Build.0 = Release|Any CPU
		{AB3C43B8-F2A3-43EA-BF70-C7E7F6993CAC}.AppStore|Any CPU.ActiveCfg = Release|Any CPU
		{AB3C43B8-F2A3-43EA-BF70-C7E7F6993CAC}.AppStore|Any CPU.Build.0 = Release|Any CPU
		{AB3C43B8-F2A3-43EA-BF70-C7E7F6993CAC}.AppStore|ARM.ActiveCfg = Release|Any CPU
		{AB3C43B8-F2A3-43EA-BF70-C7E7F6993CAC}.AppStore|ARM.Build.0 = Release|Any CPU
		{AB3C43B8-F2A3-43EA-BF70-C7E7F6993CAC}.AppStore|iPhone.ActiveCfg = Release|Any CPU
		{AB3C43B8-F2A3-43EA-BF70-C7E7F6993CAC}.AppStore|iPhone.Build.0 = Release|Any CPU
		{AB3C43B8-F2A3-43EA-BF70-C7E7F6993CAC}.AppStore|iPhoneSimulator.ActiveCfg = Release|Any CPU
		{AB3C43B8-F2A3-43EA-BF70-C7E7F6993CAC}.AppStore|iPhoneSimulator.Build.0 = Release|Any CPU
		{AB3C43B8-F2A3-43EA-BF70-C7E7F6993CAC}.AppStore|Mixed Platforms.ActiveCfg = Debug|Any CPU
		{AB3C43B8-F2A3-43EA-BF70-C7E7F6993CAC}.AppStore|Mixed Platforms.Build.0 = Debug|Any CPU
		{AB3C43B8-F2A3-43EA-BF70-C7E7F6993CAC}.AppStore|x86.ActiveCfg = Release|Any CPU
		{AB3C43B8-F2A3-43EA-BF70-C7E7F6993CAC}.AppStore|x86.Build.0 = Release|Any CPU
		{AB3C43B8-F2A3-43EA-BF70-C7E7F6993CAC}.Debug|Any CPU.ActiveCfg = Debug|Any CPU
		{AB3C43B8-F2A3-43EA-BF70-C7E7F6993CAC}.Debug|Any CPU.Build.0 = Debug|Any CPU
		{AB3C43B8-F2A3-43EA-BF70-C7E7F6993CAC}.Debug|ARM.ActiveCfg = Debug|Any CPU
		{AB3C43B8-F2A3-43EA-BF70-C7E7F6993CAC}.Debug|ARM.Build.0 = Debug|Any CPU
		{AB3C43B8-F2A3-43EA-BF70-C7E7F6993CAC}.Debug|iPhone.ActiveCfg = Debug|Any CPU
		{AB3C43B8-F2A3-43EA-BF70-C7E7F6993CAC}.Debug|iPhone.Build.0 = Debug|Any CPU
		{AB3C43B8-F2A3-43EA-BF70-C7E7F6993CAC}.Debug|iPhoneSimulator.ActiveCfg = Debug|Any CPU
		{AB3C43B8-F2A3-43EA-BF70-C7E7F6993CAC}.Debug|iPhoneSimulator.Build.0 = Debug|Any CPU
		{AB3C43B8-F2A3-43EA-BF70-C7E7F6993CAC}.Debug|Mixed Platforms.ActiveCfg = Debug|Any CPU
		{AB3C43B8-F2A3-43EA-BF70-C7E7F6993CAC}.Debug|Mixed Platforms.Build.0 = Debug|Any CPU
		{AB3C43B8-F2A3-43EA-BF70-C7E7F6993CAC}.Debug|x86.ActiveCfg = Debug|Any CPU
		{AB3C43B8-F2A3-43EA-BF70-C7E7F6993CAC}.Debug|x86.Build.0 = Debug|Any CPU
		{AB3C43B8-F2A3-43EA-BF70-C7E7F6993CAC}.Release|Any CPU.ActiveCfg = Release|Any CPU
		{AB3C43B8-F2A3-43EA-BF70-C7E7F6993CAC}.Release|Any CPU.Build.0 = Release|Any CPU
		{AB3C43B8-F2A3-43EA-BF70-C7E7F6993CAC}.Release|ARM.ActiveCfg = Release|Any CPU
		{AB3C43B8-F2A3-43EA-BF70-C7E7F6993CAC}.Release|ARM.Build.0 = Release|Any CPU
		{AB3C43B8-F2A3-43EA-BF70-C7E7F6993CAC}.Release|iPhone.ActiveCfg = Release|Any CPU
		{AB3C43B8-F2A3-43EA-BF70-C7E7F6993CAC}.Release|iPhone.Build.0 = Release|Any CPU
		{AB3C43B8-F2A3-43EA-BF70-C7E7F6993CAC}.Release|iPhoneSimulator.ActiveCfg = Release|Any CPU
		{AB3C43B8-F2A3-43EA-BF70-C7E7F6993CAC}.Release|iPhoneSimulator.Build.0 = Release|Any CPU
		{AB3C43B8-F2A3-43EA-BF70-C7E7F6993CAC}.Release|Mixed Platforms.ActiveCfg = Release|Any CPU
		{AB3C43B8-F2A3-43EA-BF70-C7E7F6993CAC}.Release|Mixed Platforms.Build.0 = Release|Any CPU
		{AB3C43B8-F2A3-43EA-BF70-C7E7F6993CAC}.Release|x86.ActiveCfg = Release|Any CPU
		{AB3C43B8-F2A3-43EA-BF70-C7E7F6993CAC}.Release|x86.Build.0 = Release|Any CPU
		{D4CCD8E9-917B-4512-B5D9-FD27330D19B0}.Ad-Hoc|Any CPU.ActiveCfg = Release|Any CPU
		{D4CCD8E9-917B-4512-B5D9-FD27330D19B0}.Ad-Hoc|Any CPU.Build.0 = Release|Any CPU
		{D4CCD8E9-917B-4512-B5D9-FD27330D19B0}.Ad-Hoc|ARM.ActiveCfg = Release|Any CPU
		{D4CCD8E9-917B-4512-B5D9-FD27330D19B0}.Ad-Hoc|ARM.Build.0 = Release|Any CPU
		{D4CCD8E9-917B-4512-B5D9-FD27330D19B0}.Ad-Hoc|iPhone.ActiveCfg = Release|Any CPU
		{D4CCD8E9-917B-4512-B5D9-FD27330D19B0}.Ad-Hoc|iPhone.Build.0 = Release|Any CPU
		{D4CCD8E9-917B-4512-B5D9-FD27330D19B0}.Ad-Hoc|iPhoneSimulator.ActiveCfg = Release|Any CPU
		{D4CCD8E9-917B-4512-B5D9-FD27330D19B0}.Ad-Hoc|iPhoneSimulator.Build.0 = Release|Any CPU
		{D4CCD8E9-917B-4512-B5D9-FD27330D19B0}.Ad-Hoc|Mixed Platforms.ActiveCfg = Debug|Any CPU
		{D4CCD8E9-917B-4512-B5D9-FD27330D19B0}.Ad-Hoc|Mixed Platforms.Build.0 = Debug|Any CPU
		{D4CCD8E9-917B-4512-B5D9-FD27330D19B0}.Ad-Hoc|x86.ActiveCfg = Release|Any CPU
		{D4CCD8E9-917B-4512-B5D9-FD27330D19B0}.Ad-Hoc|x86.Build.0 = Release|Any CPU
		{D4CCD8E9-917B-4512-B5D9-FD27330D19B0}.AppStore|Any CPU.ActiveCfg = Release|Any CPU
		{D4CCD8E9-917B-4512-B5D9-FD27330D19B0}.AppStore|Any CPU.Build.0 = Release|Any CPU
		{D4CCD8E9-917B-4512-B5D9-FD27330D19B0}.AppStore|ARM.ActiveCfg = Release|Any CPU
		{D4CCD8E9-917B-4512-B5D9-FD27330D19B0}.AppStore|ARM.Build.0 = Release|Any CPU
		{D4CCD8E9-917B-4512-B5D9-FD27330D19B0}.AppStore|iPhone.ActiveCfg = Release|Any CPU
		{D4CCD8E9-917B-4512-B5D9-FD27330D19B0}.AppStore|iPhone.Build.0 = Release|Any CPU
		{D4CCD8E9-917B-4512-B5D9-FD27330D19B0}.AppStore|iPhoneSimulator.ActiveCfg = Release|Any CPU
		{D4CCD8E9-917B-4512-B5D9-FD27330D19B0}.AppStore|iPhoneSimulator.Build.0 = Release|Any CPU
		{D4CCD8E9-917B-4512-B5D9-FD27330D19B0}.AppStore|Mixed Platforms.ActiveCfg = Debug|Any CPU
		{D4CCD8E9-917B-4512-B5D9-FD27330D19B0}.AppStore|Mixed Platforms.Build.0 = Debug|Any CPU
		{D4CCD8E9-917B-4512-B5D9-FD27330D19B0}.AppStore|x86.ActiveCfg = Release|Any CPU
		{D4CCD8E9-917B-4512-B5D9-FD27330D19B0}.AppStore|x86.Build.0 = Release|Any CPU
		{D4CCD8E9-917B-4512-B5D9-FD27330D19B0}.Debug|Any CPU.ActiveCfg = Debug|Any CPU
		{D4CCD8E9-917B-4512-B5D9-FD27330D19B0}.Debug|Any CPU.Build.0 = Debug|Any CPU
		{D4CCD8E9-917B-4512-B5D9-FD27330D19B0}.Debug|ARM.ActiveCfg = Debug|Any CPU
		{D4CCD8E9-917B-4512-B5D9-FD27330D19B0}.Debug|ARM.Build.0 = Debug|Any CPU
		{D4CCD8E9-917B-4512-B5D9-FD27330D19B0}.Debug|iPhone.ActiveCfg = Debug|Any CPU
		{D4CCD8E9-917B-4512-B5D9-FD27330D19B0}.Debug|iPhone.Build.0 = Debug|Any CPU
		{D4CCD8E9-917B-4512-B5D9-FD27330D19B0}.Debug|iPhoneSimulator.ActiveCfg = Debug|Any CPU
		{D4CCD8E9-917B-4512-B5D9-FD27330D19B0}.Debug|iPhoneSimulator.Build.0 = Debug|Any CPU
		{D4CCD8E9-917B-4512-B5D9-FD27330D19B0}.Debug|Mixed Platforms.ActiveCfg = Debug|Any CPU
		{D4CCD8E9-917B-4512-B5D9-FD27330D19B0}.Debug|Mixed Platforms.Build.0 = Debug|Any CPU
		{D4CCD8E9-917B-4512-B5D9-FD27330D19B0}.Debug|x86.ActiveCfg = Debug|Any CPU
		{D4CCD8E9-917B-4512-B5D9-FD27330D19B0}.Debug|x86.Build.0 = Debug|Any CPU
		{D4CCD8E9-917B-4512-B5D9-FD27330D19B0}.Release|Any CPU.ActiveCfg = Release|Any CPU
		{D4CCD8E9-917B-4512-B5D9-FD27330D19B0}.Release|Any CPU.Build.0 = Release|Any CPU
		{D4CCD8E9-917B-4512-B5D9-FD27330D19B0}.Release|ARM.ActiveCfg = Release|Any CPU
		{D4CCD8E9-917B-4512-B5D9-FD27330D19B0}.Release|ARM.Build.0 = Release|Any CPU
		{D4CCD8E9-917B-4512-B5D9-FD27330D19B0}.Release|iPhone.ActiveCfg = Release|Any CPU
		{D4CCD8E9-917B-4512-B5D9-FD27330D19B0}.Release|iPhone.Build.0 = Release|Any CPU
		{D4CCD8E9-917B-4512-B5D9-FD27330D19B0}.Release|iPhoneSimulator.ActiveCfg = Release|Any CPU
		{D4CCD8E9-917B-4512-B5D9-FD27330D19B0}.Release|iPhoneSimulator.Build.0 = Release|Any CPU
		{D4CCD8E9-917B-4512-B5D9-FD27330D19B0}.Release|Mixed Platforms.ActiveCfg = Release|Any CPU
		{D4CCD8E9-917B-4512-B5D9-FD27330D19B0}.Release|Mixed Platforms.Build.0 = Release|Any CPU
		{D4CCD8E9-917B-4512-B5D9-FD27330D19B0}.Release|x86.ActiveCfg = Release|Any CPU
		{D4CCD8E9-917B-4512-B5D9-FD27330D19B0}.Release|x86.Build.0 = Release|Any CPU
	EndGlobalSection
	GlobalSection(NestedProjects) = preSolution
		{AFA9548E-5933-47EC-A0DD-E479A4B4A40B} = {481E7FC0-23C9-487A-9DC7-E04C092D8B0E}
		{7E82C27D-4630-481A-A8E9-9C3EE7F83151} = {481E7FC0-23C9-487A-9DC7-E04C092D8B0E}
		{70A54BAC-348A-4264-B3F8-EFB37E83718E} = {481E7FC0-23C9-487A-9DC7-E04C092D8B0E}
		{43914441-FD23-4C99-BE3E-0C875DFCE0FF} = {481E7FC0-23C9-487A-9DC7-E04C092D8B0E}
	EndGlobalSection
	GlobalSection(SharedMSBuildProjectFiles) = preSolution
		SevenDays.Shared\SevenDays.Shared.projitems*{7e64ec56-2c63-4f8f-a38c-ded91e6940c8}*SharedItemsImports = 4
		SevenDays.Tests\SevenDays.Tests.Shared\SevenDays.Tests.Shared.projitems*{7e82c27d-4630-481a-a8e9-9c3ee7f83151}*SharedItemsImports = 4
		SevenDays.Shared\SevenDays.Shared.projitems*{7e82c27d-4630-481a-a8e9-9c3ee7f83151}*SharedItemsImports = 4
		SevenDays.Tests\SevenDays.Tests.Shared\SevenDays.Tests.Shared.projitems*{70a54bac-348a-4264-b3f8-efb37e83718e}*SharedItemsImports = 4
		SevenDays.Shared\SevenDays.Shared.projitems*{70a54bac-348a-4264-b3f8-efb37e83718e}*SharedItemsImports = 4
		SevenDays.Shared\SevenDays.Shared.projitems*{84b98fa8-cccf-44f1-a6e8-f0f14cb1cdc6}*SharedItemsImports = 4
		SevenDays.Shared\SevenDays.Shared.projitems*{05908055-da73-4272-a642-61945e30e72a}*SharedItemsImports = 13
		SevenDays.Tests\SevenDays.Tests.Shared\SevenDays.Tests.Shared.projitems*{afa9548e-5933-47ec-a0dd-e479a4b4a40b}*SharedItemsImports = 13
		SevenDays.Shared\SevenDays.Shared.projitems*{9df3a313-49a1-4f6c-a37f-8a84c0698f85}*SharedItemsImports = 4
	EndGlobalSection
	GlobalSection(SolutionProperties) = preSolution
		HideSolutionNode = FALSE
	EndGlobalSection
EndGlobal
